// !$*UTF8*$!
{
	archiveVersion = 1;
	classes = {
	};
	objectVersion = 56;
	objects = {

/* Begin PBXBuildFile section */
		B49F12832A3F95E800A2F76C /* AppDelegate.swift in Sources */ = {isa = PBXBuildFile; fileRef = B49F12822A3F95E800A2F76C /* AppDelegate.swift */; };
		B49F12852A3F95E800A2F76C /* SceneDelegate.swift in Sources */ = {isa = PBXBuildFile; fileRef = B49F12842A3F95E800A2F76C /* SceneDelegate.swift */; };
		B49F12872A3F95E800A2F76C /* ViewController.swift in Sources */ = {isa = PBXBuildFile; fileRef = B49F12862A3F95E800A2F76C /* ViewController.swift */; };
		B49F128A2A3F95E800A2F76C /* Main.storyboard in Resources */ = {isa = PBXBuildFile; fileRef = B49F12882A3F95E800A2F76C /* Main.storyboard */; };
		B49F128C2A3F95EA00A2F76C /* Assets.xcassets in Resources */ = {isa = PBXBuildFile; fileRef = B49F128B2A3F95EA00A2F76C /* Assets.xcassets */; };
		B49F128F2A3F95EA00A2F76C /* LaunchScreen.storyboard in Resources */ = {isa = PBXBuildFile; fileRef = B49F128D2A3F95EA00A2F76C /* LaunchScreen.storyboard */; };
		B49F129A2A3F95EA00A2F76C /* GameOfThronesHOUSESTests.swift in Sources */ = {isa = PBXBuildFile; fileRef = B49F12992A3F95EA00A2F76C /* GameOfThronesHOUSESTests.swift */; };
		B49F12A42A3F95EB00A2F76C /* GameOfThronesHOUSESUITests.swift in Sources */ = {isa = PBXBuildFile; fileRef = B49F12A32A3F95EB00A2F76C /* GameOfThronesHOUSESUITests.swift */; };
		B49F12A62A3F95EB00A2F76C /* GameOfThronesHOUSESUITestsLaunchTests.swift in Sources */ = {isa = PBXBuildFile; fileRef = B49F12A52A3F95EB00A2F76C /* GameOfThronesHOUSESUITestsLaunchTests.swift */; };
		B49F12B82A3FB08700A2F76C /* GOTHouseModel.swift in Sources */ = {isa = PBXBuildFile; fileRef = B49F12B72A3FB08700A2F76C /* GOTHouseModel.swift */; };
		B49F12BA2A3FB22100A2F76C /* GOTHousesViewController.swift in Sources */ = {isa = PBXBuildFile; fileRef = B49F12B92A3FB22100A2F76C /* GOTHousesViewController.swift */; };
		B49F12BC2A3FB23200A2F76C /* GOTHouseDetailsViewController.swift in Sources */ = {isa = PBXBuildFile; fileRef = B49F12BB2A3FB23200A2F76C /* GOTHouseDetailsViewController.swift */; };
		B49F12BE2A3FB26100A2F76C /* GOTHousesPresenter.swift in Sources */ = {isa = PBXBuildFile; fileRef = B49F12BD2A3FB26100A2F76C /* GOTHousesPresenter.swift */; };
		B49F12C02A3FB26F00A2F76C /* GOTHouseDetailsPresenter.swift in Sources */ = {isa = PBXBuildFile; fileRef = B49F12BF2A3FB26F00A2F76C /* GOTHouseDetailsPresenter.swift */; };
		B49F12C22A3FB29900A2F76C /* GOTHousesService.swift in Sources */ = {isa = PBXBuildFile; fileRef = B49F12C12A3FB29900A2F76C /* GOTHousesService.swift */; };
		B49F12C62A3FC24C00A2F76C /* UITableView+Extension.swift in Sources */ = {isa = PBXBuildFile; fileRef = B49F12C52A3FC24C00A2F76C /* UITableView+Extension.swift */; };
		B49F12C82A3FC93D00A2F76C /* HouseTableViewCell.swift in Sources */ = {isa = PBXBuildFile; fileRef = B49F12C72A3FC93D00A2F76C /* HouseTableViewCell.swift */; };
/* End PBXBuildFile section */

/* Begin PBXContainerItemProxy section */
		B49F12962A3F95EA00A2F76C /* PBXContainerItemProxy */ = {
			isa = PBXContainerItemProxy;
			containerPortal = B49F12772A3F95E800A2F76C /* Project object */;
			proxyType = 1;
			remoteGlobalIDString = B49F127E2A3F95E800A2F76C;
			remoteInfo = GameOfThronesHOUSES;
		};
		B49F12A02A3F95EB00A2F76C /* PBXContainerItemProxy */ = {
			isa = PBXContainerItemProxy;
			containerPortal = B49F12772A3F95E800A2F76C /* Project object */;
			proxyType = 1;
			remoteGlobalIDString = B49F127E2A3F95E800A2F76C;
			remoteInfo = GameOfThronesHOUSES;
		};
/* End PBXContainerItemProxy section */

/* Begin PBXFileReference section */
		B49F127F2A3F95E800A2F76C /* GameOfThronesHOUSES.app */ = {isa = PBXFileReference; explicitFileType = wrapper.application; includeInIndex = 0; path = GameOfThronesHOUSES.app; sourceTree = BUILT_PRODUCTS_DIR; };
		B49F12822A3F95E800A2F76C /* AppDelegate.swift */ = {isa = PBXFileReference; lastKnownFileType = sourcecode.swift; path = AppDelegate.swift; sourceTree = "<group>"; };
		B49F12842A3F95E800A2F76C /* SceneDelegate.swift */ = {isa = PBXFileReference; lastKnownFileType = sourcecode.swift; path = SceneDelegate.swift; sourceTree = "<group>"; };
		B49F12862A3F95E800A2F76C /* ViewController.swift */ = {isa = PBXFileReference; lastKnownFileType = sourcecode.swift; path = ViewController.swift; sourceTree = "<group>"; };
		B49F12892A3F95E800A2F76C /* Base */ = {isa = PBXFileReference; lastKnownFileType = file.storyboard; name = Base; path = Base.lproj/Main.storyboard; sourceTree = "<group>"; };
		B49F128B2A3F95EA00A2F76C /* Assets.xcassets */ = {isa = PBXFileReference; lastKnownFileType = folder.assetcatalog; path = Assets.xcassets; sourceTree = "<group>"; };
		B49F128E2A3F95EA00A2F76C /* Base */ = {isa = PBXFileReference; lastKnownFileType = file.storyboard; name = Base; path = Base.lproj/LaunchScreen.storyboard; sourceTree = "<group>"; };
		B49F12902A3F95EA00A2F76C /* Info.plist */ = {isa = PBXFileReference; lastKnownFileType = text.plist.xml; path = Info.plist; sourceTree = "<group>"; };
		B49F12952A3F95EA00A2F76C /* GameOfThronesHOUSESTests.xctest */ = {isa = PBXFileReference; explicitFileType = wrapper.cfbundle; includeInIndex = 0; path = GameOfThronesHOUSESTests.xctest; sourceTree = BUILT_PRODUCTS_DIR; };
		B49F12992A3F95EA00A2F76C /* GameOfThronesHOUSESTests.swift */ = {isa = PBXFileReference; lastKnownFileType = sourcecode.swift; path = GameOfThronesHOUSESTests.swift; sourceTree = "<group>"; };
		B49F129F2A3F95EA00A2F76C /* GameOfThronesHOUSESUITests.xctest */ = {isa = PBXFileReference; explicitFileType = wrapper.cfbundle; includeInIndex = 0; path = GameOfThronesHOUSESUITests.xctest; sourceTree = BUILT_PRODUCTS_DIR; };
		B49F12A32A3F95EB00A2F76C /* GameOfThronesHOUSESUITests.swift */ = {isa = PBXFileReference; lastKnownFileType = sourcecode.swift; path = GameOfThronesHOUSESUITests.swift; sourceTree = "<group>"; };
		B49F12A52A3F95EB00A2F76C /* GameOfThronesHOUSESUITestsLaunchTests.swift */ = {isa = PBXFileReference; lastKnownFileType = sourcecode.swift; path = GameOfThronesHOUSESUITestsLaunchTests.swift; sourceTree = "<group>"; };
		B49F12B72A3FB08700A2F76C /* GOTHouseModel.swift */ = {isa = PBXFileReference; lastKnownFileType = sourcecode.swift; path = GOTHouseModel.swift; sourceTree = "<group>"; };
		B49F12B92A3FB22100A2F76C /* GOTHousesViewController.swift */ = {isa = PBXFileReference; lastKnownFileType = sourcecode.swift; path = GOTHousesViewController.swift; sourceTree = "<group>"; };
		B49F12BB2A3FB23200A2F76C /* GOTHouseDetailsViewController.swift */ = {isa = PBXFileReference; lastKnownFileType = sourcecode.swift; path = GOTHouseDetailsViewController.swift; sourceTree = "<group>"; };
		B49F12BD2A3FB26100A2F76C /* GOTHousesPresenter.swift */ = {isa = PBXFileReference; lastKnownFileType = sourcecode.swift; path = GOTHousesPresenter.swift; sourceTree = "<group>"; };
		B49F12BF2A3FB26F00A2F76C /* GOTHouseDetailsPresenter.swift */ = {isa = PBXFileReference; lastKnownFileType = sourcecode.swift; path = GOTHouseDetailsPresenter.swift; sourceTree = "<group>"; };
		B49F12C12A3FB29900A2F76C /* GOTHousesService.swift */ = {isa = PBXFileReference; lastKnownFileType = sourcecode.swift; path = GOTHousesService.swift; sourceTree = "<group>"; };
		B49F12C52A3FC24C00A2F76C /* UITableView+Extension.swift */ = {isa = PBXFileReference; lastKnownFileType = sourcecode.swift; path = "UITableView+Extension.swift"; sourceTree = "<group>"; };
		B49F12C72A3FC93D00A2F76C /* HouseTableViewCell.swift */ = {isa = PBXFileReference; lastKnownFileType = sourcecode.swift; path = HouseTableViewCell.swift; sourceTree = "<group>"; };
/* End PBXFileReference section */

/* Begin PBXFrameworksBuildPhase section */
		B49F127C2A3F95E800A2F76C /* Frameworks */ = {
			isa = PBXFrameworksBuildPhase;
			buildActionMask = 2147483647;
			files = (
			);
			runOnlyForDeploymentPostprocessing = 0;
		};
		B49F12922A3F95EA00A2F76C /* Frameworks */ = {
			isa = PBXFrameworksBuildPhase;
			buildActionMask = 2147483647;
			files = (
			);
			runOnlyForDeploymentPostprocessing = 0;
		};
		B49F129C2A3F95EA00A2F76C /* Frameworks */ = {
			isa = PBXFrameworksBuildPhase;
			buildActionMask = 2147483647;
			files = (
			);
			runOnlyForDeploymentPostprocessing = 0;
		};
/* End PBXFrameworksBuildPhase section */

/* Begin PBXGroup section */
		B49F12762A3F95E800A2F76C = {
			isa = PBXGroup;
			children = (
				B49F12812A3F95E800A2F76C /* GameOfThronesHOUSES */,
				B49F12982A3F95EA00A2F76C /* GameOfThronesHOUSESTests */,
				B49F12A22A3F95EB00A2F76C /* GameOfThronesHOUSESUITests */,
				B49F12802A3F95E800A2F76C /* Products */,
			);
			sourceTree = "<group>";
		};
		B49F12802A3F95E800A2F76C /* Products */ = {
			isa = PBXGroup;
			children = (
				B49F127F2A3F95E800A2F76C /* GameOfThronesHOUSES.app */,
				B49F12952A3F95EA00A2F76C /* GameOfThronesHOUSESTests.xctest */,
				B49F129F2A3F95EA00A2F76C /* GameOfThronesHOUSESUITests.xctest */,
			);
			name = Products;
			sourceTree = "<group>";
		};
		B49F12812A3F95E800A2F76C /* GameOfThronesHOUSES */ = {
			isa = PBXGroup;
			children = (
				B49F12B52A3FAF9900A2F76C /* Models */,
				B49F12B42A3FAF9900A2F76C /* Views */,
				B49F12B32A3FAF9900A2F76C /* Presenters */,
				B49F12B22A3FAF9900A2F76C /* Services */,
				B49F12B62A3FAF9900A2F76C /* Extensions */,
				B49F12822A3F95E800A2F76C /* AppDelegate.swift */,
				B49F12842A3F95E800A2F76C /* SceneDelegate.swift */,
				B49F12862A3F95E800A2F76C /* ViewController.swift */,
				B49F12882A3F95E800A2F76C /* Main.storyboard */,
				B49F128B2A3F95EA00A2F76C /* Assets.xcassets */,
				B49F128D2A3F95EA00A2F76C /* LaunchScreen.storyboard */,
				B49F12902A3F95EA00A2F76C /* Info.plist */,
			);
			path = GameOfThronesHOUSES;
			sourceTree = "<group>";
		};
		B49F12982A3F95EA00A2F76C /* GameOfThronesHOUSESTests */ = {
			isa = PBXGroup;
			children = (
				B49F12992A3F95EA00A2F76C /* GameOfThronesHOUSESTests.swift */,
			);
			path = GameOfThronesHOUSESTests;
			sourceTree = "<group>";
		};
		B49F12A22A3F95EB00A2F76C /* GameOfThronesHOUSESUITests */ = {
			isa = PBXGroup;
			children = (
				B49F12A32A3F95EB00A2F76C /* GameOfThronesHOUSESUITests.swift */,
				B49F12A52A3F95EB00A2F76C /* GameOfThronesHOUSESUITestsLaunchTests.swift */,
			);
			path = GameOfThronesHOUSESUITests;
			sourceTree = "<group>";
		};
		B49F12B22A3FAF9900A2F76C /* Services */ = {
			isa = PBXGroup;
			children = (
				B49F12C12A3FB29900A2F76C /* GOTHousesService.swift */,
			);
			name = Services;
			path = Classes/Services;
			sourceTree = "<group>";
		};
		B49F12B32A3FAF9900A2F76C /* Presenters */ = {
			isa = PBXGroup;
			children = (
				B49F12BD2A3FB26100A2F76C /* GOTHousesPresenter.swift */,
				B49F12BF2A3FB26F00A2F76C /* GOTHouseDetailsPresenter.swift */,
			);
			name = Presenters;
			path = Classes/Presenters;
			sourceTree = "<group>";
		};
		B49F12B42A3FAF9900A2F76C /* Views */ = {
			isa = PBXGroup;
			children = (
				B49F12B92A3FB22100A2F76C /* GOTHousesViewController.swift */,
				B49F12BB2A3FB23200A2F76C /* GOTHouseDetailsViewController.swift */,
				B49F12C72A3FC93D00A2F76C /* HouseTableViewCell.swift */,
			);
			name = Views;
			path = Classes/Views;
			sourceTree = "<group>";
		};
		B49F12B52A3FAF9900A2F76C /* Models */ = {
			isa = PBXGroup;
			children = (
				B49F12B72A3FB08700A2F76C /* GOTHouseModel.swift */,
			);
			name = Models;
			path = Classes/Models;
			sourceTree = "<group>";
		};
		B49F12B62A3FAF9900A2F76C /* Extensions */ = {
			isa = PBXGroup;
			children = (
				B49F12C52A3FC24C00A2F76C /* UITableView+Extension.swift */,
			);
			name = Extensions;
			path = Classes/Extensions;
			sourceTree = "<group>";
		};
/* End PBXGroup section */

/* Begin PBXNativeTarget section */
		B49F127E2A3F95E800A2F76C /* GameOfThronesHOUSES */ = {
			isa = PBXNativeTarget;
			buildConfigurationList = B49F12A92A3F95EB00A2F76C /* Build configuration list for PBXNativeTarget "GameOfThronesHOUSES" */;
			buildPhases = (
				B49F127B2A3F95E800A2F76C /* Sources */,
				B49F127C2A3F95E800A2F76C /* Frameworks */,
				B49F127D2A3F95E800A2F76C /* Resources */,
			);
			buildRules = (
			);
			dependencies = (
			);
			name = GameOfThronesHOUSES;
			productName = GameOfThronesHOUSES;
			productReference = B49F127F2A3F95E800A2F76C /* GameOfThronesHOUSES.app */;
			productType = "com.apple.product-type.application";
		};
		B49F12942A3F95EA00A2F76C /* GameOfThronesHOUSESTests */ = {
			isa = PBXNativeTarget;
			buildConfigurationList = B49F12AC2A3F95EB00A2F76C /* Build configuration list for PBXNativeTarget "GameOfThronesHOUSESTests" */;
			buildPhases = (
				B49F12912A3F95EA00A2F76C /* Sources */,
				B49F12922A3F95EA00A2F76C /* Frameworks */,
				B49F12932A3F95EA00A2F76C /* Resources */,
			);
			buildRules = (
			);
			dependencies = (
				B49F12972A3F95EA00A2F76C /* PBXTargetDependency */,
			);
			name = GameOfThronesHOUSESTests;
			productName = GameOfThronesHOUSESTests;
			productReference = B49F12952A3F95EA00A2F76C /* GameOfThronesHOUSESTests.xctest */;
			productType = "com.apple.product-type.bundle.unit-test";
		};
		B49F129E2A3F95EA00A2F76C /* GameOfThronesHOUSESUITests */ = {
			isa = PBXNativeTarget;
			buildConfigurationList = B49F12AF2A3F95EB00A2F76C /* Build configuration list for PBXNativeTarget "GameOfThronesHOUSESUITests" */;
			buildPhases = (
				B49F129B2A3F95EA00A2F76C /* Sources */,
				B49F129C2A3F95EA00A2F76C /* Frameworks */,
				B49F129D2A3F95EA00A2F76C /* Resources */,
			);
			buildRules = (
			);
			dependencies = (
				B49F12A12A3F95EB00A2F76C /* PBXTargetDependency */,
			);
			name = GameOfThronesHOUSESUITests;
			productName = GameOfThronesHOUSESUITests;
			productReference = B49F129F2A3F95EA00A2F76C /* GameOfThronesHOUSESUITests.xctest */;
			productType = "com.apple.product-type.bundle.ui-testing";
		};
/* End PBXNativeTarget section */

/* Begin PBXProject section */
		B49F12772A3F95E800A2F76C /* Project object */ = {
			isa = PBXProject;
			attributes = {
				BuildIndependentTargetsInParallel = 1;
				LastSwiftUpdateCheck = 1430;
				LastUpgradeCheck = 1430;
				TargetAttributes = {
					B49F127E2A3F95E800A2F76C = {
						CreatedOnToolsVersion = 14.3.1;
					};
					B49F12942A3F95EA00A2F76C = {
						CreatedOnToolsVersion = 14.3.1;
						TestTargetID = B49F127E2A3F95E800A2F76C;
					};
					B49F129E2A3F95EA00A2F76C = {
						CreatedOnToolsVersion = 14.3.1;
						TestTargetID = B49F127E2A3F95E800A2F76C;
					};
				};
			};
			buildConfigurationList = B49F127A2A3F95E800A2F76C /* Build configuration list for PBXProject "GameOfThronesHOUSES" */;
			compatibilityVersion = "Xcode 14.0";
			developmentRegion = en;
			hasScannedForEncodings = 0;
			knownRegions = (
				en,
				Base,
			);
			mainGroup = B49F12762A3F95E800A2F76C;
			productRefGroup = B49F12802A3F95E800A2F76C /* Products */;
			projectDirPath = "";
			projectRoot = "";
			targets = (
				B49F127E2A3F95E800A2F76C /* GameOfThronesHOUSES */,
				B49F12942A3F95EA00A2F76C /* GameOfThronesHOUSESTests */,
				B49F129E2A3F95EA00A2F76C /* GameOfThronesHOUSESUITests */,
			);
		};
/* End PBXProject section */

/* Begin PBXResourcesBuildPhase section */
		B49F127D2A3F95E800A2F76C /* Resources */ = {
			isa = PBXResourcesBuildPhase;
			buildActionMask = 2147483647;
			files = (
				B49F128F2A3F95EA00A2F76C /* LaunchScreen.storyboard in Resources */,
				B49F128C2A3F95EA00A2F76C /* Assets.xcassets in Resources */,
				B49F128A2A3F95E800A2F76C /* Main.storyboard in Resources */,
			);
			runOnlyForDeploymentPostprocessing = 0;
		};
		B49F12932A3F95EA00A2F76C /* Resources */ = {
			isa = PBXResourcesBuildPhase;
			buildActionMask = 2147483647;
			files = (
			);
			runOnlyForDeploymentPostprocessing = 0;
		};
		B49F129D2A3F95EA00A2F76C /* Resources */ = {
			isa = PBXResourcesBuildPhase;
			buildActionMask = 2147483647;
			files = (
			);
			runOnlyForDeploymentPostprocessing = 0;
		};
/* End PBXResourcesBuildPhase section */

/* Begin PBXSourcesBuildPhase section */
		B49F127B2A3F95E800A2F76C /* Sources */ = {
			isa = PBXSourcesBuildPhase;
			buildActionMask = 2147483647;
			files = (
				B49F12C62A3FC24C00A2F76C /* UITableView+Extension.swift in Sources */,
				B49F12872A3F95E800A2F76C /* ViewController.swift in Sources */,
				B49F12BA2A3FB22100A2F76C /* GOTHousesViewController.swift in Sources */,
				B49F12C22A3FB29900A2F76C /* GOTHousesService.swift in Sources */,
				B49F12B82A3FB08700A2F76C /* GOTHouseModel.swift in Sources */,
				B49F12832A3F95E800A2F76C /* AppDelegate.swift in Sources */,
				B49F12852A3F95E800A2F76C /* SceneDelegate.swift in Sources */,
				B49F12C02A3FB26F00A2F76C /* GOTHouseDetailsPresenter.swift in Sources */,
				B49F12BE2A3FB26100A2F76C /* GOTHousesPresenter.swift in Sources */,
				B49F12C82A3FC93D00A2F76C /* HouseTableViewCell.swift in Sources */,
				B49F12BC2A3FB23200A2F76C /* GOTHouseDetailsViewController.swift in Sources */,
			);
			runOnlyForDeploymentPostprocessing = 0;
		};
		B49F12912A3F95EA00A2F76C /* Sources */ = {
			isa = PBXSourcesBuildPhase;
			buildActionMask = 2147483647;
			files = (
				B49F129A2A3F95EA00A2F76C /* GameOfThronesHOUSESTests.swift in Sources */,
			);
			runOnlyForDeploymentPostprocessing = 0;
		};
		B49F129B2A3F95EA00A2F76C /* Sources */ = {
			isa = PBXSourcesBuildPhase;
			buildActionMask = 2147483647;
			files = (
				B49F12A62A3F95EB00A2F76C /* GameOfThronesHOUSESUITestsLaunchTests.swift in Sources */,
				B49F12A42A3F95EB00A2F76C /* GameOfThronesHOUSESUITests.swift in Sources */,
			);
			runOnlyForDeploymentPostprocessing = 0;
		};
/* End PBXSourcesBuildPhase section */

/* Begin PBXTargetDependency section */
		B49F12972A3F95EA00A2F76C /* PBXTargetDependency */ = {
			isa = PBXTargetDependency;
			target = B49F127E2A3F95E800A2F76C /* GameOfThronesHOUSES */;
			targetProxy = B49F12962A3F95EA00A2F76C /* PBXContainerItemProxy */;
		};
		B49F12A12A3F95EB00A2F76C /* PBXTargetDependency */ = {
			isa = PBXTargetDependency;
			target = B49F127E2A3F95E800A2F76C /* GameOfThronesHOUSES */;
			targetProxy = B49F12A02A3F95EB00A2F76C /* PBXContainerItemProxy */;
		};
/* End PBXTargetDependency section */

/* Begin PBXVariantGroup section */
		B49F12882A3F95E800A2F76C /* Main.storyboard */ = {
			isa = PBXVariantGroup;
			children = (
				B49F12892A3F95E800A2F76C /* Base */,
			);
			name = Main.storyboard;
			sourceTree = "<group>";
		};
		B49F128D2A3F95EA00A2F76C /* LaunchScreen.storyboard */ = {
			isa = PBXVariantGroup;
			children = (
				B49F128E2A3F95EA00A2F76C /* Base */,
			);
			name = LaunchScreen.storyboard;
			sourceTree = "<group>";
		};
/* End PBXVariantGroup section */

/* Begin XCBuildConfiguration section */
		B49F12A72A3F95EB00A2F76C /* Debug */ = {
			isa = XCBuildConfiguration;
			buildSettings = {
				ALWAYS_SEARCH_USER_PATHS = NO;
				CLANG_ANALYZER_NONNULL = YES;
				CLANG_ANALYZER_NUMBER_OBJECT_CONVERSION = YES_AGGRESSIVE;
				CLANG_CXX_LANGUAGE_STANDARD = "gnu++20";
				CLANG_ENABLE_MODULES = YES;
				CLANG_ENABLE_OBJC_ARC = YES;
				CLANG_ENABLE_OBJC_WEAK = YES;
				CLANG_WARN_BLOCK_CAPTURE_AUTORELEASING = YES;
				CLANG_WARN_BOOL_CONVERSION = YES;
				CLANG_WARN_COMMA = YES;
				CLANG_WARN_CONSTANT_CONVERSION = YES;
				CLANG_WARN_DEPRECATED_OBJC_IMPLEMENTATIONS = YES;
				CLANG_WARN_DIRECT_OBJC_ISA_USAGE = YES_ERROR;
				CLANG_WARN_DOCUMENTATION_COMMENTS = YES;
				CLANG_WARN_EMPTY_BODY = YES;
				CLANG_WARN_ENUM_CONVERSION = YES;
				CLANG_WARN_INFINITE_RECURSION = YES;
				CLANG_WARN_INT_CONVERSION = YES;
				CLANG_WARN_NON_LITERAL_NULL_CONVERSION = YES;
				CLANG_WARN_OBJC_IMPLICIT_RETAIN_SELF = YES;
				CLANG_WARN_OBJC_LITERAL_CONVERSION = YES;
				CLANG_WARN_OBJC_ROOT_CLASS = YES_ERROR;
				CLANG_WARN_QUOTED_INCLUDE_IN_FRAMEWORK_HEADER = YES;
				CLANG_WARN_RANGE_LOOP_ANALYSIS = YES;
				CLANG_WARN_STRICT_PROTOTYPES = YES;
				CLANG_WARN_SUSPICIOUS_MOVE = YES;
				CLANG_WARN_UNGUARDED_AVAILABILITY = YES_AGGRESSIVE;
				CLANG_WARN_UNREACHABLE_CODE = YES;
				CLANG_WARN__DUPLICATE_METHOD_MATCH = YES;
				COPY_PHASE_STRIP = NO;
				DEBUG_INFORMATION_FORMAT = dwarf;
				ENABLE_STRICT_OBJC_MSGSEND = YES;
				ENABLE_TESTABILITY = YES;
				GCC_C_LANGUAGE_STANDARD = gnu11;
				GCC_DYNAMIC_NO_PIC = NO;
				GCC_NO_COMMON_BLOCKS = YES;
				GCC_OPTIMIZATION_LEVEL = 0;
				GCC_PREPROCESSOR_DEFINITIONS = (
					"DEBUG=1",
					"$(inherited)",
				);
				GCC_WARN_64_TO_32_BIT_CONVERSION = YES;
				GCC_WARN_ABOUT_RETURN_TYPE = YES_ERROR;
				GCC_WARN_UNDECLARED_SELECTOR = YES;
				GCC_WARN_UNINITIALIZED_AUTOS = YES_AGGRESSIVE;
				GCC_WARN_UNUSED_FUNCTION = YES;
				GCC_WARN_UNUSED_VARIABLE = YES;
				IPHONEOS_DEPLOYMENT_TARGET = 16.4;
				MTL_ENABLE_DEBUG_INFO = INCLUDE_SOURCE;
				MTL_FAST_MATH = YES;
				ONLY_ACTIVE_ARCH = YES;
				SDKROOT = iphoneos;
				SWIFT_ACTIVE_COMPILATION_CONDITIONS = DEBUG;
				SWIFT_OPTIMIZATION_LEVEL = "-Onone";
			};
			name = Debug;
		};
		B49F12A82A3F95EB00A2F76C /* Release */ = {
			isa = XCBuildConfiguration;
			buildSettings = {
				ALWAYS_SEARCH_USER_PATHS = NO;
				CLANG_ANALYZER_NONNULL = YES;
				CLANG_ANALYZER_NUMBER_OBJECT_CONVERSION = YES_AGGRESSIVE;
				CLANG_CXX_LANGUAGE_STANDARD = "gnu++20";
				CLANG_ENABLE_MODULES = YES;
				CLANG_ENABLE_OBJC_ARC = YES;
				CLANG_ENABLE_OBJC_WEAK = YES;
				CLANG_WARN_BLOCK_CAPTURE_AUTORELEASING = YES;
				CLANG_WARN_BOOL_CONVERSION = YES;
				CLANG_WARN_COMMA = YES;
				CLANG_WARN_CONSTANT_CONVERSION = YES;
				CLANG_WARN_DEPRECATED_OBJC_IMPLEMENTATIONS = YES;
				CLANG_WARN_DIRECT_OBJC_ISA_USAGE = YES_ERROR;
				CLANG_WARN_DOCUMENTATION_COMMENTS = YES;
				CLANG_WARN_EMPTY_BODY = YES;
				CLANG_WARN_ENUM_CONVERSION = YES;
				CLANG_WARN_INFINITE_RECURSION = YES;
				CLANG_WARN_INT_CONVERSION = YES;
				CLANG_WARN_NON_LITERAL_NULL_CONVERSION = YES;
				CLANG_WARN_OBJC_IMPLICIT_RETAIN_SELF = YES;
				CLANG_WARN_OBJC_LITERAL_CONVERSION = YES;
				CLANG_WARN_OBJC_ROOT_CLASS = YES_ERROR;
				CLANG_WARN_QUOTED_INCLUDE_IN_FRAMEWORK_HEADER = YES;
				CLANG_WARN_RANGE_LOOP_ANALYSIS = YES;
				CLANG_WARN_STRICT_PROTOTYPES = YES;
				CLANG_WARN_SUSPICIOUS_MOVE = YES;
				CLANG_WARN_UNGUARDED_AVAILABILITY = YES_AGGRESSIVE;
				CLANG_WARN_UNREACHABLE_CODE = YES;
				CLANG_WARN__DUPLICATE_METHOD_MATCH = YES;
				COPY_PHASE_STRIP = NO;
				DEBUG_INFORMATION_FORMAT = "dwarf-with-dsym";
				ENABLE_NS_ASSERTIONS = NO;
				ENABLE_STRICT_OBJC_MSGSEND = YES;
				GCC_C_LANGUAGE_STANDARD = gnu11;
				GCC_NO_COMMON_BLOCKS = YES;
				GCC_WARN_64_TO_32_BIT_CONVERSION = YES;
				GCC_WARN_ABOUT_RETURN_TYPE = YES_ERROR;
				GCC_WARN_UNDECLARED_SELECTOR = YES;
				GCC_WARN_UNINITIALIZED_AUTOS = YES_AGGRESSIVE;
				GCC_WARN_UNUSED_FUNCTION = YES;
				GCC_WARN_UNUSED_VARIABLE = YES;
				IPHONEOS_DEPLOYMENT_TARGET = 16.4;
				MTL_ENABLE_DEBUG_INFO = NO;
				MTL_FAST_MATH = YES;
				SDKROOT = iphoneos;
				SWIFT_COMPILATION_MODE = wholemodule;
				SWIFT_OPTIMIZATION_LEVEL = "-O";
				VALIDATE_PRODUCT = YES;
			};
			name = Release;
		};
		B49F12AA2A3F95EB00A2F76C /* Debug */ = {
			isa = XCBuildConfiguration;
			buildSettings = {
				ASSETCATALOG_COMPILER_APPICON_NAME = AppIcon;
				ASSETCATALOG_COMPILER_GLOBAL_ACCENT_COLOR_NAME = AccentColor;
				CODE_SIGN_STYLE = Automatic;
				CURRENT_PROJECT_VERSION = 1;
				GENERATE_INFOPLIST_FILE = YES;
				INFOPLIST_FILE = GameOfThronesHOUSES/Info.plist;
				INFOPLIST_KEY_UIApplicationSupportsIndirectInputEvents = YES;
				INFOPLIST_KEY_UILaunchStoryboardName = LaunchScreen;
				INFOPLIST_KEY_UIMainStoryboardFile = Main;
				INFOPLIST_KEY_UISupportedInterfaceOrientations_iPad = "UIInterfaceOrientationPortrait UIInterfaceOrientationPortraitUpsideDown UIInterfaceOrientationLandscapeLeft UIInterfaceOrientationLandscapeRight";
				INFOPLIST_KEY_UISupportedInterfaceOrientations_iPhone = "UIInterfaceOrientationPortrait UIInterfaceOrientationLandscapeLeft UIInterfaceOrientationLandscapeRight";
				IPHONEOS_DEPLOYMENT_TARGET = 14.0;
				LD_RUNPATH_SEARCH_PATHS = (
					"$(inherited)",
					"@executable_path/Frameworks",
				);
				MARKETING_VERSION = 1.0;
				PRODUCT_BUNDLE_IDENTIFIER = com.voicusimu.GameOfThronesHOUSES;
				PRODUCT_NAME = "$(TARGET_NAME)";
				SWIFT_EMIT_LOC_STRINGS = YES;
				SWIFT_VERSION = 5.0;
				TARGETED_DEVICE_FAMILY = "1,2";
			};
			name = Debug;
		};
		B49F12AB2A3F95EB00A2F76C /* Release */ = {
			isa = XCBuildConfiguration;
			buildSettings = {
				ASSETCATALOG_COMPILER_APPICON_NAME = AppIcon;
				ASSETCATALOG_COMPILER_GLOBAL_ACCENT_COLOR_NAME = AccentColor;
				CODE_SIGN_STYLE = Automatic;
				CURRENT_PROJECT_VERSION = 1;
				GENERATE_INFOPLIST_FILE = YES;
				INFOPLIST_FILE = GameOfThronesHOUSES/Info.plist;
				INFOPLIST_KEY_UIApplicationSupportsIndirectInputEvents = YES;
				INFOPLIST_KEY_UILaunchStoryboardName = LaunchScreen;
				INFOPLIST_KEY_UIMainStoryboardFile = Main;
				INFOPLIST_KEY_UISupportedInterfaceOrientations_iPad = "UIInterfaceOrientationPortrait UIInterfaceOrientationPortraitUpsideDown UIInterfaceOrientationLandscapeLeft UIInterfaceOrientationLandscapeRight";
				INFOPLIST_KEY_UISupportedInterfaceOrientations_iPhone = "UIInterfaceOrientationPortrait UIInterfaceOrientationLandscapeLeft UIInterfaceOrientationLandscapeRight";
				IPHONEOS_DEPLOYMENT_TARGET = 14.0;
				LD_RUNPATH_SEARCH_PATHS = (
					"$(inherited)",
					"@executable_path/Frameworks",
				);
				MARKETING_VERSION = 1.0;
				PRODUCT_BUNDLE_IDENTIFIER = com.voicusimu.GameOfThronesHOUSES;
				PRODUCT_NAME = "$(TARGET_NAME)";
				SWIFT_EMIT_LOC_STRINGS = YES;
				SWIFT_VERSION = 5.0;
				TARGETED_DEVICE_FAMILY = "1,2";
			};
			name = Release;
		};
		B49F12AD2A3F95EB00A2F76C /* Debug */ = {
			isa = XCBuildConfiguration;
			buildSettings = {
				ALWAYS_EMBED_SWIFT_STANDARD_LIBRARIES = YES;
				BUNDLE_LOADER = "$(TEST_HOST)";
				CODE_SIGN_STYLE = Automatic;
				CURRENT_PROJECT_VERSION = 1;
				GENERATE_INFOPLIST_FILE = YES;
				IPHONEOS_DEPLOYMENT_TARGET = 16.4;
				MARKETING_VERSION = 1.0;
				PRODUCT_BUNDLE_IDENTIFIER = com.voicusimu.GameOfThronesHOUSESTests;
				PRODUCT_NAME = "$(TARGET_NAME)";
				SWIFT_EMIT_LOC_STRINGS = NO;
				SWIFT_VERSION = 5.0;
				TARGETED_DEVICE_FAMILY = "1,2";
				TEST_HOST = "$(BUILT_PRODUCTS_DIR)/GameOfThronesHOUSES.app/$(BUNDLE_EXECUTABLE_FOLDER_PATH)/GameOfThronesHOUSES";
			};
			name = Debug;
		};
		B49F12AE2A3F95EB00A2F76C /* Release */ = {
			isa = XCBuildConfiguration;
			buildSettings = {
				ALWAYS_EMBED_SWIFT_STANDARD_LIBRARIES = YES;
				BUNDLE_LOADER = "$(TEST_HOST)";
				CODE_SIGN_STYLE = Automatic;
				CURRENT_PROJECT_VERSION = 1;
				GENERATE_INFOPLIST_FILE = YES;
				IPHONEOS_DEPLOYMENT_TARGET = 16.4;
				MARKETING_VERSION = 1.0;
				PRODUCT_BUNDLE_IDENTIFIER = com.voicusimu.GameOfThronesHOUSESTests;
				PRODUCT_NAME = "$(TARGET_NAME)";
				SWIFT_EMIT_LOC_STRINGS = NO;
				SWIFT_VERSION = 5.0;
				TARGETED_DEVICE_FAMILY = "1,2";
				TEST_HOST = "$(BUILT_PRODUCTS_DIR)/GameOfThronesHOUSES.app/$(BUNDLE_EXECUTABLE_FOLDER_PATH)/GameOfThronesHOUSES";
			};
			name = Release;
		};
		B49F12B02A3F95EB00A2F76C /* Debug */ = {
			isa = XCBuildConfiguration;
			buildSettings = {
				ALWAYS_EMBED_SWIFT_STANDARD_LIBRARIES = YES;
				CODE_SIGN_STYLE = Automatic;
				CURRENT_PROJECT_VERSION = 1;
				GENERATE_INFOPLIST_FILE = YES;
				MARKETING_VERSION = 1.0;
				PRODUCT_BUNDLE_IDENTIFIER = com.voicusimu.GameOfThronesHOUSESUITests;
				PRODUCT_NAME = "$(TARGET_NAME)";
				SWIFT_EMIT_LOC_STRINGS = NO;
				SWIFT_VERSION = 5.0;
				TARGETED_DEVICE_FAMILY = "1,2";
				TEST_TARGET_NAME = GameOfThronesHOUSES;
			};
			name = Debug;
		};
		B49F12B12A3F95EB00A2F76C /* Release */ = {
			isa = XCBuildConfiguration;
			buildSettings = {
				ALWAYS_EMBED_SWIFT_STANDARD_LIBRARIES = YES;
				CODE_SIGN_STYLE = Automatic;
				CURRENT_PROJECT_VERSION = 1;
				GENERATE_INFOPLIST_FILE = YES;
				MARKETING_VERSION = 1.0;
				PRODUCT_BUNDLE_IDENTIFIER = com.voicusimu.GameOfThronesHOUSESUITests;
				PRODUCT_NAME = "$(TARGET_NAME)";
				SWIFT_EMIT_LOC_STRINGS = NO;
				SWIFT_VERSION = 5.0;
				TARGETED_DEVICE_FAMILY = "1,2";
				TEST_TARGET_NAME = GameOfThronesHOUSES;
			};
			name = Release;
		};
/* End XCBuildConfiguration section */

/* Begin XCConfigurationList section */
		B49F127A2A3F95E800A2F76C /* Build configuration list for PBXProject "GameOfThronesHOUSES" */ = {
			isa = XCConfigurationList;
			buildConfigurations = (
				B49F12A72A3F95EB00A2F76C /* Debug */,
				B49F12A82A3F95EB00A2F76C /* Release */,
			);
			defaultConfigurationIsVisible = 0;
			defaultConfigurationName = Release;
		};
		B49F12A92A3F95EB00A2F76C /* Build configuration list for PBXNativeTarget "GameOfThronesHOUSES" */ = {
			isa = XCConfigurationList;
			buildConfigurations = (
				B49F12AA2A3F95EB00A2F76C /* Debug */,
				B49F12AB2A3F95EB00A2F76C /* Release */,
			);
			defaultConfigurationIsVisible = 0;
			defaultConfigurationName = Release;
		};
		B49F12AC2A3F95EB00A2F76C /* Build configuration list for PBXNativeTarget "GameOfThronesHOUSESTests" */ = {
			isa = XCConfigurationList;
			buildConfigurations = (
				B49F12AD2A3F95EB00A2F76C /* Debug */,
				B49F12AE2A3F95EB00A2F76C /* Release */,
			);
			defaultConfigurationIsVisible = 0;
			defaultConfigurationName = Release;
		};
		B49F12AF2A3F95EB00A2F76C /* Build configuration list for PBXNativeTarget "GameOfThronesHOUSESUITests" */ = {
			isa = XCConfigurationList;
			buildConfigurations = (
				B49F12B02A3F95EB00A2F76C /* Debug */,
				B49F12B12A3F95EB00A2F76C /* Release */,
			);
			defaultConfigurationIsVisible = 0;
			defaultConfigurationName = Release;
		};
/* End XCConfigurationList section */
	};
	rootObject = B49F12772A3F95E800A2F76C /* Project object */;
}
